
Microsoft Visual Studio Solution File, Format Version 12.00
# Visual Studio 14
VisualStudioVersion = 14.0.23107.0
MinimumVisualStudioVersion = 10.0.40219.1
Project("{FAE04EC0-301F-11D3-BF4B-00C04F79EFBC}") = "Jewelry Application", "Jewelry Application\Jewelry Application.csproj", "{EA82378E-970D-4E4B-8150-C1490F29DA6F}"
EndProject
Project("{FAE04EC0-301F-11D3-BF4B-00C04F79EFBC}") = "JewelryApplicationUI", "JewelryApplicationUI\JewelryApplicationUI.csproj", "{3E62F2FC-4BCC-4590-BD7B-F2D5A2B5A81B}"
EndProject
Global
	GlobalSection(SolutionConfigurationPlatforms) = preSolution
		Debug|Any CPU = Debug|Any CPU
		Release|Any CPU = Release|Any CPU
	EndGlobalSection
	GlobalSection(ProjectConfigurationPlatforms) = postSolution
		{EA82378E-970D-4E4B-8150-C1490F29DA6F}.Debug|Any CPU.ActiveCfg = Debug|Any CPU
		{EA82378E-970D-4E4B-8150-C1490F29DA6F}.Debug|Any CPU.Build.0 = Debug|Any CPU
		{EA82378E-970D-4E4B-8150-C1490F29DA6F}.Release|Any CPU.ActiveCfg = Release|Any CPU
		{EA82378E-970D-4E4B-8150-C1490F29DA6F}.Release|Any CPU.Build.0 = Release|Any CPU
		{3E62F2FC-4BCC-4590-BD7B-F2D5A2B5A81B}.Debug|Any CPU.ActiveCfg = Debug|Any CPU
		{3E62F2FC-4BCC-4590-BD7B-F2D5A2B5A81B}.Debug|Any CPU.Build.0 = Debug|Any CPU
		{3E62F2FC-4BCC-4590-BD7B-F2D5A2B5A81B}.Release|Any CPU.ActiveCfg = Release|Any CPU
		{3E62F2FC-4BCC-4590-BD7B-F2D5A2B5A81B}.Release|Any CPU.Build.0 = Release|Any CPU
	EndGlobalSection
	GlobalSection(SolutionProperties) = preSolution
		HideSolutionNode = FALSE
	EndGlobalSection
EndGlobal
